
Microsoft Visual Studio Solution File, Format Version 12.00
# Visual Studio 2012
Project("{FAE04EC0-301F-11D3-BF4B-00C04F79EFBC}") = "SortMyCsv", "SortMyCsv\SortMyCsv.csproj", "{F7331B45-155B-4DB4-8099-9CCA4F5A3D5C}"
EndProject
Project("{FAE04EC0-301F-11D3-BF4B-00C04F79EFBC}") = "SortMyCsv.UnitTests", "SortMyCsv.UnitTests\SortMyCsv.UnitTests.csproj", "{60FF2867-AE2A-44A8-999A-31A5FB8A379B}"
EndProject
Global
	GlobalSection(SolutionConfigurationPlatforms) = preSolution
		Debug|Any CPU = Debug|Any CPU
		Release|Any CPU = Release|Any CPU
	EndGlobalSection
	GlobalSection(ProjectConfigurationPlatforms) = postSolution
		{F7331B45-155B-4DB4-8099-9CCA4F5A3D5C}.Debug|Any CPU.ActiveCfg = Debug|Any CPU
		{F7331B45-155B-4DB4-8099-9CCA4F5A3D5C}.Debug|Any CPU.Build.0 = Debug|Any CPU
		{F7331B45-155B-4DB4-8099-9CCA4F5A3D5C}.Release|Any CPU.ActiveCfg = Release|Any CPU
		{F7331B45-155B-4DB4-8099-9CCA4F5A3D5C}.Release|Any CPU.Build.0 = Release|Any CPU
		{60FF2867-AE2A-44A8-999A-31A5FB8A379B}.Debug|Any CPU.ActiveCfg = Debug|Any CPU
		{60FF2867-AE2A-44A8-999A-31A5FB8A379B}.Debug|Any CPU.Build.0 = Debug|Any CPU
		{60FF2867-AE2A-44A8-999A-31A5FB8A379B}.Release|Any CPU.ActiveCfg = Release|Any CPU
		{60FF2867-AE2A-44A8-999A-31A5FB8A379B}.Release|Any CPU.Build.0 = Release|Any CPU
	EndGlobalSection
	GlobalSection(SolutionProperties) = preSolution
		HideSolutionNode = FALSE
	EndGlobalSection
EndGlobal
